// !$*UTF8*$!
{
	archiveVersion = 1;
	classes = {
	};
	objectVersion = 46;
	objects = {

/* Begin PBXBuildFile section */
		E2B91D751968A89200F22A74 /* Foundation.framework in Frameworks */ = {isa = PBXBuildFile; fileRef = E2B91D741968A89200F22A74 /* Foundation.framework */; };
		E2B91D771968A89200F22A74 /* CoreGraphics.framework in Frameworks */ = {isa = PBXBuildFile; fileRef = E2B91D761968A89200F22A74 /* CoreGraphics.framework */; };
		E2B91D791968A89200F22A74 /* UIKit.framework in Frameworks */ = {isa = PBXBuildFile; fileRef = E2B91D781968A89200F22A74 /* UIKit.framework */; };
		E2B91D7F1968A89200F22A74 /* InfoPlist.strings in Resources */ = {isa = PBXBuildFile; fileRef = E2B91D7D1968A89200F22A74 /* InfoPlist.strings */; };
		E2B91D811968A89200F22A74 /* main.m in Sources */ = {isa = PBXBuildFile; fileRef = E2B91D801968A89200F22A74 /* main.m */; };
		E2B91D851968A89200F22A74 /* AppDelegate.m in Sources */ = {isa = PBXBuildFile; fileRef = E2B91D841968A89200F22A74 /* AppDelegate.m */; };
		E2B91D871968A89200F22A74 /* Images.xcassets in Resources */ = {isa = PBXBuildFile; fileRef = E2B91D861968A89200F22A74 /* Images.xcassets */; };
		E2B91D8E1968A89200F22A74 /* XCTest.framework in Frameworks */ = {isa = PBXBuildFile; fileRef = E2B91D8D1968A89200F22A74 /* XCTest.framework */; };
		E2B91D8F1968A89200F22A74 /* Foundation.framework in Frameworks */ = {isa = PBXBuildFile; fileRef = E2B91D741968A89200F22A74 /* Foundation.framework */; };
		E2B91D901968A89200F22A74 /* UIKit.framework in Frameworks */ = {isa = PBXBuildFile; fileRef = E2B91D781968A89200F22A74 /* UIKit.framework */; };
		E2B91D981968A89200F22A74 /* InfoPlist.strings in Resources */ = {isa = PBXBuildFile; fileRef = E2B91D961968A89200F22A74 /* InfoPlist.strings */; };
		E2B91D9A1968A89200F22A74 /* Week5Tests.m in Sources */ = {isa = PBXBuildFile; fileRef = E2B91D991968A89200F22A74 /* Week5Tests.m */; };
/* End PBXBuildFile section */

/* Begin PBXContainerItemProxy section */
		E2B91D911968A89200F22A74 /* PBXContainerItemProxy */ = {
			isa = PBXContainerItemProxy;
			containerPortal = E2B91D691968A89200F22A74 /* Project object */;
			proxyType = 1;
			remoteGlobalIDString = E2B91D701968A89200F22A74;
			remoteInfo = Week5;
		};
/* End PBXContainerItemProxy section */

/* Begin PBXFileReference section */
		E2B91D711968A89200F22A74 /* Week5.app */ = {isa = PBXFileReference; explicitFileType = wrapper.application; includeInIndex = 0; path = Week5.app; sourceTree = BUILT_PRODUCTS_DIR; };
		E2B91D741968A89200F22A74 /* Foundation.framework */ = {isa = PBXFileReference; lastKnownFileType = wrapper.framework; name = Foundation.framework; path = System/Library/Frameworks/Foundation.framework; sourceTree = SDKROOT; };
		E2B91D761968A89200F22A74 /* CoreGraphics.framework */ = {isa = PBXFileReference; lastKnownFileType = wrapper.framework; name = CoreGraphics.framework; path = System/Library/Frameworks/CoreGraphics.framework; sourceTree = SDKROOT; };
		E2B91D781968A89200F22A74 /* UIKit.framework */ = {isa = PBXFileReference; lastKnownFileType = wrapper.framework; name = UIKit.framework; path = System/Library/Frameworks/UIKit.framework; sourceTree = SDKROOT; };
		E2B91D7C1968A89200F22A74 /* Week5-Info.plist */ = {isa = PBXFileReference; lastKnownFileType = text.plist.xml; path = "Week5-Info.plist"; sourceTree = "<group>"; };
		E2B91D7E1968A89200F22A74 /* en */ = {isa = PBXFileReference; lastKnownFileType = text.plist.strings; name = en; path = en.lproj/InfoPlist.strings; sourceTree = "<group>"; };
		E2B91D801968A89200F22A74 /* main.m */ = {isa = PBXFileReference; lastKnownFileType = sourcecode.c.objc; path = main.m; sourceTree = "<group>"; };
		E2B91D821968A89200F22A74 /* Week5-Prefix.pch */ = {isa = PBXFileReference; lastKnownFileType = sourcecode.c.h; path = "Week5-Prefix.pch"; sourceTree = "<group>"; };
		E2B91D831968A89200F22A74 /* AppDelegate.h */ = {isa = PBXFileReference; lastKnownFileType = sourcecode.c.h; path = AppDelegate.h; sourceTree = "<group>"; };
		E2B91D841968A89200F22A74 /* AppDelegate.m */ = {isa = PBXFileReference; lastKnownFileType = sourcecode.c.objc; path = AppDelegate.m; sourceTree = "<group>"; };
		E2B91D861968A89200F22A74 /* Images.xcassets */ = {isa = PBXFileReference; lastKnownFileType = folder.assetcatalog; path = Images.xcassets; sourceTree = "<group>"; };
		E2B91D8C1968A89200F22A74 /* Week5Tests.xctest */ = {isa = PBXFileReference; explicitFileType = wrapper.cfbundle; includeInIndex = 0; path = Week5Tests.xctest; sourceTree = BUILT_PRODUCTS_DIR; };
		E2B91D8D1968A89200F22A74 /* XCTest.framework */ = {isa = PBXFileReference; lastKnownFileType = wrapper.framework; name = XCTest.framework; path = Library/Frameworks/XCTest.framework; sourceTree = DEVELOPER_DIR; };
		E2B91D951968A89200F22A74 /* Week5Tests-Info.plist */ = {isa = PBXFileReference; lastKnownFileType = text.plist.xml; path = "Week5Tests-Info.plist"; sourceTree = "<group>"; };
		E2B91D971968A89200F22A74 /* en */ = {isa = PBXFileReference; lastKnownFileType = text.plist.strings; name = en; path = en.lproj/InfoPlist.strings; sourceTree = "<group>"; };
		E2B91D991968A89200F22A74 /* Week5Tests.m */ = {isa = PBXFileReference; lastKnownFileType = sourcecode.c.objc; path = Week5Tests.m; sourceTree = "<group>"; };
/* End PBXFileReference section */

/* Begin PBXFrameworksBuildPhase section */
		E2B91D6E1968A89200F22A74 /* Frameworks */ = {
			isa = PBXFrameworksBuildPhase;
			buildActionMask = 2147483647;
			files = (
				E2B91D771968A89200F22A74 /* CoreGraphics.framework in Frameworks */,
				E2B91D791968A89200F22A74 /* UIKit.framework in Frameworks */,
				E2B91D751968A89200F22A74 /* Foundation.framework in Frameworks */,
			);
			runOnlyForDeploymentPostprocessing = 0;
		};
		E2B91D891968A89200F22A74 /* Frameworks */ = {
			isa = PBXFrameworksBuildPhase;
			buildActionMask = 2147483647;
			files = (
				E2B91D8E1968A89200F22A74 /* XCTest.framework in Frameworks */,
				E2B91D901968A89200F22A74 /* UIKit.framework in Frameworks */,
				E2B91D8F1968A89200F22A74 /* Foundation.framework in Frameworks */,
			);
			runOnlyForDeploymentPostprocessing = 0;
		};
/* End PBXFrameworksBuildPhase section */

/* Begin PBXGroup section */
		E2B91D681968A89200F22A74 = {
			isa = PBXGroup;
			children = (
				E2B91D7A1968A89200F22A74 /* Week5 */,
				E2B91D931968A89200F22A74 /* Week5Tests */,
				E2B91D731968A89200F22A74 /* Frameworks */,
				E2B91D721968A89200F22A74 /* Products */,
			);
			sourceTree = "<group>";
		};
		E2B91D721968A89200F22A74 /* Products */ = {
			isa = PBXGroup;
			children = (
				E2B91D711968A89200F22A74 /* Week5.app */,
				E2B91D8C1968A89200F22A74 /* Week5Tests.xctest */,
			);
			name = Products;
			sourceTree = "<group>";
		};
		E2B91D731968A89200F22A74 /* Frameworks */ = {
			isa = PBXGroup;
			children = (
				E2B91D741968A89200F22A74 /* Foundation.framework */,
				E2B91D761968A89200F22A74 /* CoreGraphics.framework */,
				E2B91D781968A89200F22A74 /* UIKit.framework */,
				E2B91D8D1968A89200F22A74 /* XCTest.framework */,
			);
			name = Frameworks;
			sourceTree = "<group>";
		};
		E2B91D7A1968A89200F22A74 /* Week5 */ = {
			isa = PBXGroup;
			children = (
				E2B91D831968A89200F22A74 /* AppDelegate.h */,
				E2B91D841968A89200F22A74 /* AppDelegate.m */,
				E2B91D861968A89200F22A74 /* Images.xcassets */,
				E2B91D7B1968A89200F22A74 /* Supporting Files */,
			);
			path = Week5;
			sourceTree = "<group>";
		};
		E2B91D7B1968A89200F22A74 /* Supporting Files */ = {
			isa = PBXGroup;
			children = (
				E2B91D7C1968A89200F22A74 /* Week5-Info.plist */,
				E2B91D7D1968A89200F22A74 /* InfoPlist.strings */,
				E2B91D801968A89200F22A74 /* main.m */,
				E2B91D821968A89200F22A74 /* Week5-Prefix.pch */,
			);
			name = "Supporting Files";
			sourceTree = "<group>";
		};
		E2B91D931968A89200F22A74 /* Week5Tests */ = {
			isa = PBXGroup;
			children = (
				E2B91D991968A89200F22A74 /* Week5Tests.m */,
				E2B91D941968A89200F22A74 /* Supporting Files */,
			);
			path = Week5Tests;
			sourceTree = "<group>";
		};
		E2B91D941968A89200F22A74 /* Supporting Files */ = {
			isa = PBXGroup;
			children = (
				E2B91D951968A89200F22A74 /* Week5Tests-Info.plist */,
				E2B91D961968A89200F22A74 /* InfoPlist.strings */,
			);
			name = "Supporting Files";
			sourceTree = "<group>";
		};
/* End PBXGroup section */

/* Begin PBXNativeTarget section */
		E2B91D701968A89200F22A74 /* Week5 */ = {
			isa = PBXNativeTarget;
			buildConfigurationList = E2B91D9D1968A89200F22A74 /* Build configuration list for PBXNativeTarget "Week5" */;
			buildPhases = (
				E2B91D6D1968A89200F22A74 /* Sources */,
				E2B91D6E1968A89200F22A74 /* Frameworks */,
				E2B91D6F1968A89200F22A74 /* Resources */,
			);
			buildRules = (
			);
			dependencies = (
			);
			name = Week5;
			productName = Week5;
			productReference = E2B91D711968A89200F22A74 /* Week5.app */;
			productType = "com.apple.product-type.application";
		};
		E2B91D8B1968A89200F22A74 /* Week5Tests */ = {
			isa = PBXNativeTarget;
			buildConfigurationList = E2B91DA01968A89200F22A74 /* Build configuration list for PBXNativeTarget "Week5Tests" */;
			buildPhases = (
				E2B91D881968A89200F22A74 /* Sources */,
				E2B91D891968A89200F22A74 /* Frameworks */,
				E2B91D8A1968A89200F22A74 /* Resources */,
			);
			buildRules = (
			);
			dependencies = (
				E2B91D921968A89200F22A74 /* PBXTargetDependency */,
			);
			name = Week5Tests;
			productName = Week5Tests;
			productReference = E2B91D8C1968A89200F22A74 /* Week5Tests.xctest */;
			productType = "com.apple.product-type.bundle.unit-test";
		};
/* End PBXNativeTarget section */

/* Begin PBXProject section */
		E2B91D691968A89200F22A74 /* Project object */ = {
			isa = PBXProject;
			attributes = {
				LastUpgradeCheck = 0510;
				ORGANIZATIONNAME = tom;
				TargetAttributes = {
					E2B91D8B1968A89200F22A74 = {
						TestTargetID = E2B91D701968A89200F22A74;
					};
				};
			};
			buildConfigurationList = E2B91D6C1968A89200F22A74 /* Build configuration list for PBXProject "Week5" */;
			compatibilityVersion = "Xcode 3.2";
			developmentRegion = English;
			hasScannedForEncodings = 0;
			knownRegions = (
				en,
			);
			mainGroup = E2B91D681968A89200F22A74;
			productRefGroup = E2B91D721968A89200F22A74 /* Products */;
			projectDirPath = "";
			projectRoot = "";
			targets = (
				E2B91D701968A89200F22A74 /* Week5 */,
				E2B91D8B1968A89200F22A74 /* Week5Tests */,
			);
		};
/* End PBXProject section */

/* Begin PBXResourcesBuildPhase section */
		E2B91D6F1968A89200F22A74 /* Resources */ = {
			isa = PBXResourcesBuildPhase;
			buildActionMask = 2147483647;
			files = (
				E2B91D7F1968A89200F22A74 /* InfoPlist.strings in Resources */,
				E2B91D871968A89200F22A74 /* Images.xcassets in Resources */,
			);
			runOnlyForDeploymentPostprocessing = 0;
		};
		E2B91D8A1968A89200F22A74 /* Resources */ = {
			isa = PBXResourcesBuildPhase;
			buildActionMask = 2147483647;
			files = (
				E2B91D981968A89200F22A74 /* InfoPlist.strings in Resources */,
			);
			runOnlyForDeploymentPostprocessing = 0;
		};
/* End PBXResourcesBuildPhase section */

/* Begin PBXSourcesBuildPhase section */
		E2B91D6D1968A89200F22A74 /* Sources */ = {
			isa = PBXSourcesBuildPhase;
			buildActionMask = 2147483647;
			files = (
				E2B91D851968A89200F22A74 /* AppDelegate.m in Sources */,
				E2B91D811968A89200F22A74 /* main.m in Sources */,
			);
			runOnlyForDeploymentPostprocessing = 0;
		};
		E2B91D881968A89200F22A74 /* Sources */ = {
			isa = PBXSourcesBuildPhase;
			buildActionMask = 2147483647;
			files = (
				E2B91D9A1968A89200F22A74 /* Week5Tests.m in Sources */,
			);
			runOnlyForDeploymentPostprocessing = 0;
		};
/* End PBXSourcesBuildPhase section */

/* Begin PBXTargetDependency section */
		E2B91D921968A89200F22A74 /* PBXTargetDependency */ = {
			isa = PBXTargetDependency;
			target = E2B91D701968A89200F22A74 /* Week5 */;
			targetProxy = E2B91D911968A89200F22A74 /* PBXContainerItemProxy */;
		};
/* End PBXTargetDependency section */

/* Begin PBXVariantGroup section */
		E2B91D7D1968A89200F22A74 /* InfoPlist.strings */ = {
			isa = PBXVariantGroup;
			children = (
				E2B91D7E1968A89200F22A74 /* en */,
			);
			name = InfoPlist.strings;
			sourceTree = "<group>";
		};
		E2B91D961968A89200F22A74 /* InfoPlist.strings */ = {
			isa = PBXVariantGroup;
			children = (
				E2B91D971968A89200F22A74 /* en */,
			);
			name = InfoPlist.strings;
			sourceTree = "<group>";
		};
/* End PBXVariantGroup section */

/* Begin XCBuildConfiguration section */
		E2B91D9B1968A89200F22A74 /* Debug */ = {
			isa = XCBuildConfiguration;
			buildSettings = {
				ALWAYS_SEARCH_USER_PATHS = NO;
				CLANG_CXX_LANGUAGE_STANDARD = "gnu++0x";
				CLANG_CXX_LIBRARY = "libc++";
				CLANG_ENABLE_MODULES = YES;
				CLANG_ENABLE_OBJC_ARC = YES;
				CLANG_WARN_BOOL_CONVERSION = YES;
				CLANG_WARN_CONSTANT_CONVERSION = YES;
				CLANG_WARN_DIRECT_OBJC_ISA_USAGE = YES_ERROR;
				CLANG_WARN_EMPTY_BODY = YES;
				CLANG_WARN_ENUM_CONVERSION = YES;
				CLANG_WARN_INT_CONVERSION = YES;
				CLANG_WARN_OBJC_ROOT_CLASS = YES_ERROR;
				CLANG_WARN__DUPLICATE_METHOD_MATCH = YES;
				"CODE_SIGN_IDENTITY[sdk=iphoneos*]" = "iPhone Developer";
				COPY_PHASE_STRIP = NO;
				GCC_C_LANGUAGE_STANDARD = gnu99;
				GCC_DYNAMIC_NO_PIC = NO;
				GCC_OPTIMIZATION_LEVEL = 0;
				GCC_PREPROCESSOR_DEFINITIONS = (
					"DEBUG=1",
					"$(inherited)",
				);
				GCC_SYMBOLS_PRIVATE_EXTERN = NO;
				GCC_WARN_64_TO_32_BIT_CONVERSION = YES;
				GCC_WARN_ABOUT_RETURN_TYPE = YES_ERROR;
				GCC_WARN_UNDECLARED_SELECTOR = YES;
				GCC_WARN_UNINITIALIZED_AUTOS = YES_AGGRESSIVE;
				GCC_WARN_UNUSED_FUNCTION = YES;
				GCC_WARN_UNUSED_VARIABLE = YES;
				IPHONEOS_DEPLOYMENT_TARGET = 7.1;
				ONLY_ACTIVE_ARCH = YES;
				SDKROOT = iphoneos;
			};
			name = Debug;
		};
		E2B91D9C1968A89200F22A74 /* Release */ = {
			isa = XCBuildConfiguration;
			buildSettings = {
				ALWAYS_SEARCH_USER_PATHS = NO;
				CLANG_CXX_LANGUAGE_STANDARD = "gnu++0x";
				CLANG_CXX_LIBRARY = "libc++";
				CLANG_ENABLE_MODULES = YES;
				CLANG_ENABLE_OBJC_ARC = YES;
				CLANG_WARN_BOOL_CONVERSION = YES;
				CLANG_WARN_CONSTANT_CONVERSION = YES;
				CLANG_WARN_DIRECT_OBJC_ISA_USAGE = YES_ERROR;
				CLANG_WARN_EMPTY_BODY = YES;
				CLANG_WARN_ENUM_CONVERSION = YES;
				CLANG_WARN_INT_CONVERSION = YES;
				CLANG_WARN_OBJC_ROOT_CLASS = YES_ERROR;
				CLANG_WARN__DUPLICATE_METHOD_MATCH = YES;
				"CODE_SIGN_IDENTITY[sdk=iphoneos*]" = "iPhone Developer";
				COPY_PHASE_STRIP = YES;
				ENABLE_NS_ASSERTIONS = NO;
				GCC_C_LANGUAGE_STANDARD = gnu99;
				GCC_WARN_64_TO_32_BIT_CONVERSION = YES;
				GCC_WARN_ABOUT_RETURN_TYPE = YES_ERROR;
				GCC_WARN_UNDECLARED_SELECTOR = YES;
				GCC_WARN_UNINITIALIZED_AUTOS = YES_AGGRESSIVE;
				GCC_WARN_UNUSED_FUNCTION = YES;
				GCC_WARN_UNUSED_VARIABLE = YES;
				IPHONEOS_DEPLOYMENT_TARGET = 7.1;
				SDKROOT = iphoneos;
				VALIDATE_PRODUCT = YES;
			};
			name = Release;
		};
		E2B91D9E1968A89200F22A74 /* Debug */ = {
			isa = XCBuildConfiguration;
			buildSettings = {
				ASSETCATALOG_COMPILER_APPICON_NAME = AppIcon;
				ASSETCATALOG_COMPILER_LAUNCHIMAGE_NAME = LaunchImage;
				GCC_PRECOMPILE_PREFIX_HEADER = YES;
				GCC_PREFIX_HEADER = "Week5/Week5-Prefix.pch";
				INFOPLIST_FILE = "Week5/Week5-Info.plist";
				PRODUCT_NAME = "$(TARGET_NAME)";
				WRAPPER_EXTENSION = app;
			};
			name = Debug;
		};
		E2B91D9F1968A89200F22A74 /* Release */ = {
			isa = XCBuildConfiguration;
			buildSettings = {
				ASSETCATALOG_COMPILER_APPICON_NAME = AppIcon;
				ASSETCATALOG_COMPILER_LAUNCHIMAGE_NAME = LaunchImage;
				GCC_PRECOMPILE_PREFIX_HEADER = YES;
				GCC_PREFIX_HEADER = "Week5/Week5-Prefix.pch";
				INFOPLIST_FILE = "Week5/Week5-Info.plist";
				PRODUCT_NAME = "$(TARGET_NAME)";
				WRAPPER_EXTENSION = app;
			};
			name = Release;
		};
		E2B91DA11968A89200F22A74 /* Debug */ = {
			isa = XCBuildConfiguration;
			buildSettings = {
				BUNDLE_LOADER = "$(BUILT_PRODUCTS_DIR)/Week5.app/Week5";
				FRAMEWORK_SEARCH_PATHS = (
					"$(SDKROOT)/Developer/Library/Frameworks",
					"$(inherited)",
					"$(DEVELOPER_FRAMEWORKS_DIR)",
				);
				GCC_PRECOMPILE_PREFIX_HEADER = YES;
				GCC_PREFIX_HEADER = "Week5/Week5-Prefix.pch";
				GCC_PREPROCESSOR_DEFINITIONS = (
					"DEBUG=1",
					"$(inherited)",
				);
				INFOPLIST_FILE = "Week5Tests/Week5Tests-Info.plist";
				PRODUCT_NAME = "$(TARGET_NAME)";
				TEST_HOST = "$(BUNDLE_LOADER)";
				WRAPPER_EXTENSION = xctest;
			};
			name = Debug;
		};
		E2B91DA21968A89200F22A74 /* Release */ = {
			isa = XCBuildConfiguration;
			buildSettings = {
				BUNDLE_LOADER = "$(BUILT_PRODUCTS_DIR)/Week5.app/Week5";
				FRAMEWORK_SEARCH_PATHS = (
					"$(SDKROOT)/Developer/Library/Frameworks",
					"$(inherited)",
					"$(DEVELOPER_FRAMEWORKS_DIR)",
				);
				GCC_PRECOMPILE_PREFIX_HEADER = YES;
				GCC_PREFIX_HEADER = "Week5/Week5-Prefix.pch";
				INFOPLIST_FILE = "Week5Tests/Week5Tests-Info.plist";
				PRODUCT_NAME = "$(TARGET_NAME)";
				TEST_HOST = "$(BUNDLE_LOADER)";
				WRAPPER_EXTENSION = xctest;
			};
			name = Release;
		};
/* End XCBuildConfiguration section */

/* Begin XCConfigurationList section */
		E2B91D6C1968A89200F22A74 /* Build configuration list for PBXProject "Week5" */ = {
			isa = XCConfigurationList;
			buildConfigurations = (
				E2B91D9B1968A89200F22A74 /* Debug */,
				E2B91D9C1968A89200F22A74 /* Release */,
			);
			defaultConfigurationIsVisible = 0;
			defaultConfigurationName = Release;
		};
		E2B91D9D1968A89200F22A74 /* Build configuration list for PBXNativeTarget "Week5" */ = {
			isa = XCConfigurationList;
			buildConfigurations = (
				E2B91D9E1968A89200F22A74 /* Debug */,
				E2B91D9F1968A89200F22A74 /* Release */,
			);
			defaultConfigurationIsVisible = 0;
		};
		E2B91DA01968A89200F22A74 /* Build configuration list for PBXNativeTarget "Week5Tests" */ = {
			isa = XCConfigurationList;
			buildConfigurations = (
				E2B91DA11968A89200F22A74 /* Debug */,
				E2B91DA21968A89200F22A74 /* Release */,
			);
			defaultConfigurationIsVisible = 0;
		};
/* End XCConfigurationList section */
	};
	rootObject = E2B91D691968A89200F22A74 /* Project object */;
}
